name: "Dependabot: Update uv.lock"
permissions:
  contents: read
on:
  pull_request_target:
    types: [opened, synchronize]
jobs:
  lock:
    runs-on: ubuntu-latest
    if: github.actor == 'dependabot[bot]'
    steps:
      - name: Checkout the PR branch
        uses: actions/checkout@v6
        with:
          ref: ${{ github.event.pull_request.head.sha }}
      - name: Install uv
        uses: astral-sh/setup-uv@v7
        with:
          enable-cache: true
      - name: Update the lockfile
        run: uv lock
      - name: Upload uv.lock
        uses: actions/upload-artifact@v4
        with:
          name: uv-lock
          path: uv.lock
  commit:
    needs: lock
    runs-on: ubuntu-latest
    if: github.actor == 'dependabot[bot]'
    permissions:
      contents: write
    steps:
      - name: Checkout the PR branch
        uses: actions/checkout@v6
        with:
          ref: ${{ github.head_ref }}
          token: ${{ secrets.DEPENDABOT_PAT }}
      - name: Download uv.lock
        uses: actions/download-artifact@v7
        with:
          name: uv-lock
      - name: Commit and push changes
        run: |
          git config --global user.name "github-actions[bot]"
          git config --global user.email "41898282+github-actions[bot]@users.noreply.github.com"

          git add uv.lock

          if ! git diff --staged --quiet; then
            git commit -m "chore(dependabot): synchronize uv.lock"
            git push
          else
            echo "uv.lock is already up to date."
          fi
